<Solution>
  <Folder Name="/src/">
    <Project Path="src/Fotbiler.RuleGate.Abstractions/Fotbiler.RuleGate.Abstractions.csproj" />
    <Project Path="src/Fotbiler.RuleGate.AspNetCore/Fotbiler.RuleGate.AspNetCore.csproj" />
    <Project Path="src/Fotbiler.RuleGate.Cli/Fotbiler.RuleGate.Cli.csproj" />
    <Project Path="src/Fotbiler.RuleGate.Core/Fotbiler.RuleGate.Core.csproj" />
    <Project Path="src/Fotbiler.RuleGate.Manifest/Fotbiler.RuleGate.Manifest.csproj" />
    <Project Path="src/Fotbiler.RuleGate.Keycloak/Fotbiler.RuleGate.Keycloak.csproj" />
  </Folder>
  <Folder Name="/tests/">
    <Project Path="tests/Fotbiler.RuleGate.Abstractions.Tests/Fotbiler.RuleGate.Abstractions.Tests.csproj" />
    <Project Path="tests/Fotbiler.RuleGate.AspNetCore.Tests/Fotbiler.RuleGate.AspNetCore.Tests.csproj" />
    <Project Path="tests/Fotbiler.RuleGate.Cli.Tests/Fotbiler.RuleGate.Cli.Tests.csproj" />
    <Project Path="tests/Fotbiler.RuleGate.Core.Tests/Fotbiler.RuleGate.Core.Tests.csproj" />
    <Project Path="tests/Fotbiler.RuleGate.Integration.Tests/Fotbiler.RuleGate.Integration.Tests.csproj" />
    <Project Path="tests/Fotbiler.RuleGate.Manifest.Tests/Fotbiler.RuleGate.Manifest.Tests.csproj" />
    <Project Path="tests/Fotbiler.RuleGate.Keycloak.Tests/Fotbiler.RuleGate.Keycloak.Tests.csproj" />
  </Folder>
</Solution>
